
Microsoft Visual Studio Solution File, Format Version 12.00
Project("{FAE04EC0-301F-11D3-BF4B-00C04F79EFBC}") = "osadxClicker", "osadxClicker\osadxClicker.csproj", "{8391CCC7-40F9-431A-875D-06F4EAC6160E}"
EndProject
Global
	GlobalSection(SolutionConfigurationPlatforms) = preSolution
		Debug|Any CPU = Debug|Any CPU
		Release|Any CPU = Release|Any CPU
	EndGlobalSection
	GlobalSection(ProjectConfigurationPlatforms) = postSolution
		{8391CCC7-40F9-431A-875D-06F4EAC6160E}.Debug|Any CPU.ActiveCfg = Debug|Any CPU
		{8391CCC7-40F9-431A-875D-06F4EAC6160E}.Debug|Any CPU.Build.0 = Debug|Any CPU
		{8391CCC7-40F9-431A-875D-06F4EAC6160E}.Release|Any CPU.ActiveCfg = Release|Any CPU
		{8391CCC7-40F9-431A-875D-06F4EAC6160E}.Release|Any CPU.Build.0 = Release|Any CPU
	EndGlobalSection
EndGlobal
